// !$*UTF8*$!
{
	archiveVersion = 1;
	classes = {
	};
	objectVersion = 46;
	objects = {

/* Begin PBXBuildFile section */
		24F1AA721C60D91500DCB1F8 /* react_native_module.h in CopyFiles */ = {isa = PBXBuildFile; fileRef = 24F1AA711C60D91500DCB1F8 /* react_native_module.h */; };
		24F1AA741C60D91500DCB1F8 /* react_native_module.m in Sources */ = {isa = PBXBuildFile; fileRef = 24F1AA731C60D91500DCB1F8 /* react_native_module.m */; };
/* End PBXBuildFile section */

/* Begin PBXCopyFilesBuildPhase section */
		24F1AA6C1C60D91500DCB1F8 /* CopyFiles */ = {
			isa = PBXCopyFilesBuildPhase;
			buildActionMask = 2147483647;
			dstPath = "include/$(PRODUCT_NAME)";
			dstSubfolderSpec = 16;
			files = (
				24F1AA721C60D91500DCB1F8 /* react_native_module.h in CopyFiles */,
			);
			runOnlyForDeploymentPostprocessing = 0;
		};
/* End PBXCopyFilesBuildPhase section */

/* Begin PBXFileReference section */
		24F1AA6E1C60D91500DCB1F8 /* libreact-native-module.a */ = {isa = PBXFileReference; explicitFileType = archive.ar; includeInIndex = 0; path = "libreact-native-module.a"; sourceTree = BUILT_PRODUCTS_DIR; };
		24F1AA711C60D91500DCB1F8 /* react_native_module.h */ = {isa = PBXFileReference; lastKnownFileType = sourcecode.c.h; path = react_native_module.h; sourceTree = "<group>"; };
		24F1AA731C60D91500DCB1F8 /* react_native_module.m */ = {isa = PBXFileReference; lastKnownFileType = sourcecode.c.objc; path = react_native_module.m; sourceTree = "<group>"; };
/* End PBXFileReference section */

/* Begin PBXFrameworksBuildPhase section */
		24F1AA6B1C60D91500DCB1F8 /* Frameworks */ = {
			isa = PBXFrameworksBuildPhase;
			buildActionMask = 2147483647;
			files = (
			);
			runOnlyForDeploymentPostprocessing = 0;
		};
/* End PBXFrameworksBuildPhase section */

/* Begin PBXGroup section */
		24F1AA651C60D91500DCB1F8 = {
			isa = PBXGroup;
			children = (
				24F1AA701C60D91500DCB1F8 /* react-native-module */,
				24F1AA6F1C60D91500DCB1F8 /* Products */,
			);
			sourceTree = "<group>";
		};
		24F1AA6F1C60D91500DCB1F8 /* Products */ = {
			isa = PBXGroup;
			children = (
				24F1AA6E1C60D91500DCB1F8 /* libreact-native-module.a */,
			);
			name = Products;
			sourceTree = "<group>";
		};
		24F1AA701C60D91500DCB1F8 /* react-native-module */ = {
			isa = PBXGroup;
			children = (
				24F1AA711C60D91500DCB1F8 /* react_native_module.h */,
				24F1AA731C60D91500DCB1F8 /* react_native_module.m */,
			);
			path = "react-native-module";
			sourceTree = "<group>";
		};
/* End PBXGroup section */

/* Begin PBXNativeTarget section */
		24F1AA6D1C60D91500DCB1F8 /* react-native-module */ = {
			isa = PBXNativeTarget;
			buildConfigurationList = 24F1AA771C60D91500DCB1F8 /* Build configuration list for PBXNativeTarget "react-native-module" */;
			buildPhases = (
				24F1AA6A1C60D91500DCB1F8 /* Sources */,
				24F1AA6B1C60D91500DCB1F8 /* Frameworks */,
				24F1AA6C1C60D91500DCB1F8 /* CopyFiles */,
			);
			buildRules = (
			);
			dependencies = (
			);
			name = "react-native-module";
			productName = "react-native-module";
			productReference = 24F1AA6E1C60D91500DCB1F8 /* libreact-native-module.a */;
			productType = "com.apple.product-type.library.static";
		};
/* End PBXNativeTarget section */

/* Begin PBXProject section */
		24F1AA661C60D91500DCB1F8 /* Project object */ = {
			isa = PBXProject;
			attributes = {
				LastUpgradeCheck = 0720;
				ORGANIZATIONNAME = ksanaforge;
				TargetAttributes = {
					24F1AA6D1C60D91500DCB1F8 = {
						CreatedOnToolsVersion = 7.2;
					};
				};
			};
			buildConfigurationList = 24F1AA691C60D91500DCB1F8 /* Build configuration list for PBXProject "react-native-module" */;
			compatibilityVersion = "Xcode 3.2";
			developmentRegion = English;
			hasScannedForEncodings = 0;
			knownRegions = (
				en,
			);
			mainGroup = 24F1AA651C60D91500DCB1F8;
			productRefGroup = 24F1AA6F1C60D91500DCB1F8 /* Products */;
			projectDirPath = "";
			projectRoot = "";
			targets = (
				24F1AA6D1C60D91500DCB1F8 /* react-native-module */,
			);
		};
/* End PBXProject section */

/* Begin PBXSourcesBuildPhase section */
		24F1AA6A1C60D91500DCB1F8 /* Sources */ = {
			isa = PBXSourcesBuildPhase;
			buildActionMask = 2147483647;
			files = (
				24F1AA741C60D91500DCB1F8 /* react_native_module.m in Sources */,
			);
			runOnlyForDeploymentPostprocessing = 0;
		};
/* End PBXSourcesBuildPhase section */

/* Begin XCBuildConfiguration section */
		24F1AA751C60D91500DCB1F8 /* Debug */ = {
			isa = XCBuildConfiguration;
			buildSettings = {
				ALWAYS_SEARCH_USER_PATHS = NO;
				CLANG_CXX_LANGUAGE_STANDARD = "gnu++0x";
				CLANG_CXX_LIBRARY = "libc++";
				CLANG_ENABLE_MODULES = YES;
				CLANG_ENABLE_OBJC_ARC = YES;
				CLANG_WARN_BOOL_CONVERSION = YES;
				CLANG_WARN_CONSTANT_CONVERSION = YES;
				CLANG_WARN_DIRECT_OBJC_ISA_USAGE = YES_ERROR;
				CLANG_WARN_EMPTY_BODY = YES;
				CLANG_WARN_ENUM_CONVERSION = YES;
				CLANG_WARN_INT_CONVERSION = YES;
				CLANG_WARN_OBJC_ROOT_CLASS = YES_ERROR;
				CLANG_WARN_UNREACHABLE_CODE = YES;
				CLANG_WARN__DUPLICATE_METHOD_MATCH = YES;
				"CODE_SIGN_IDENTITY[sdk=iphoneos*]" = "iPhone Developer";
				COPY_PHASE_STRIP = NO;
				DEBUG_INFORMATION_FORMAT = dwarf;
				ENABLE_STRICT_OBJC_MSGSEND = YES;
				ENABLE_TESTABILITY = YES;
				GCC_C_LANGUAGE_STANDARD = gnu99;
				GCC_DYNAMIC_NO_PIC = NO;
				GCC_NO_COMMON_BLOCKS = YES;
				GCC_OPTIMIZATION_LEVEL = 0;
				GCC_PREPROCESSOR_DEFINITIONS = (
					"DEBUG=1",
					"$(inherited)",
				);
				GCC_WARN_64_TO_32_BIT_CONVERSION = YES;
				GCC_WARN_ABOUT_RETURN_TYPE = YES_ERROR;
				GCC_WARN_UNDECLARED_SELECTOR = YES;
				GCC_WARN_UNINITIALIZED_AUTOS = YES_AGGRESSIVE;
				GCC_WARN_UNUSED_FUNCTION = YES;
				GCC_WARN_UNUSED_VARIABLE = YES;
				IPHONEOS_DEPLOYMENT_TARGET = 9.2;
				MTL_ENABLE_DEBUG_INFO = YES;
				ONLY_ACTIVE_ARCH = YES;
				SDKROOT = iphoneos;
			};
			name = Debug;
		};
		24F1AA761C60D91500DCB1F8 /* Release */ = {
			isa = XCBuildConfiguration;
			buildSettings = {
				ALWAYS_SEARCH_USER_PATHS = NO;
				CLANG_CXX_LANGUAGE_STANDARD = "gnu++0x";
				CLANG_CXX_LIBRARY = "libc++";
				CLANG_ENABLE_MODULES = YES;
				CLANG_ENABLE_OBJC_ARC = YES;
				CLANG_WARN_BOOL_CONVERSION = YES;
				CLANG_WARN_CONSTANT_CONVERSION = YES;
				CLANG_WARN_DIRECT_OBJC_ISA_USAGE = YES_ERROR;
				CLANG_WARN_EMPTY_BODY = YES;
				CLANG_WARN_ENUM_CONVERSION = YES;
				CLANG_WARN_INT_CONVERSION = YES;
				CLANG_WARN_OBJC_ROOT_CLASS = YES_ERROR;
				CLANG_WARN_UNREACHABLE_CODE = YES;
				CLANG_WARN__DUPLICATE_METHOD_MATCH = YES;
				"CODE_SIGN_IDENTITY[sdk=iphoneos*]" = "iPhone Developer";
				COPY_PHASE_STRIP = NO;
				DEBUG_INFORMATION_FORMAT = "dwarf-with-dsym";
				ENABLE_NS_ASSERTIONS = NO;
				ENABLE_STRICT_OBJC_MSGSEND = YES;
				GCC_C_LANGUAGE_STANDARD = gnu99;
				GCC_NO_COMMON_BLOCKS = YES;
				GCC_WARN_64_TO_32_BIT_CONVERSION = YES;
				GCC_WARN_ABOUT_RETURN_TYPE = YES_ERROR;
				GCC_WARN_UNDECLARED_SELECTOR = YES;
				GCC_WARN_UNINITIALIZED_AUTOS = YES_AGGRESSIVE;
				GCC_WARN_UNUSED_FUNCTION = YES;
				GCC_WARN_UNUSED_VARIABLE = YES;
				IPHONEOS_DEPLOYMENT_TARGET = 9.2;
				MTL_ENABLE_DEBUG_INFO = NO;
				SDKROOT = iphoneos;
				VALIDATE_PRODUCT = YES;
			};
			name = Release;
		};
		24F1AA781C60D91500DCB1F8 /* Debug */ = {
			isa = XCBuildConfiguration;
			buildSettings = {
				OTHER_LDFLAGS = "-ObjC";
				PRODUCT_NAME = "$(TARGET_NAME)";
				SKIP_INSTALL = YES;
			};
			name = Debug;
		};
		24F1AA791C60D91500DCB1F8 /* Release */ = {
			isa = XCBuildConfiguration;
			buildSettings = {
				OTHER_LDFLAGS = "-ObjC";
				PRODUCT_NAME = "$(TARGET_NAME)";
				SKIP_INSTALL = YES;
			};
			name = Release;
		};
/* End XCBuildConfiguration section */

/* Begin XCConfigurationList section */
		24F1AA691C60D91500DCB1F8 /* Build configuration list for PBXProject "react-native-module" */ = {
			isa = XCConfigurationList;
			buildConfigurations = (
				24F1AA751C60D91500DCB1F8 /* Debug */,
				24F1AA761C60D91500DCB1F8 /* Release */,
			);
			defaultConfigurationIsVisible = 0;
			defaultConfigurationName = Release;
		};
		24F1AA771C60D91500DCB1F8 /* Build configuration list for PBXNativeTarget "react-native-module" */ = {
			isa = XCConfigurationList;
			buildConfigurations = (
				24F1AA781C60D91500DCB1F8 /* Debug */,
				24F1AA791C60D91500DCB1F8 /* Release */,
			);
			defaultConfigurationIsVisible = 0;
		};
/* End XCConfigurationList section */
	};
	rootObject = 24F1AA661C60D91500DCB1F8 /* Project object */;
}
